
Microsoft Visual Studio Solution File, Format Version 12.00
# Visual Studio 2013
VisualStudioVersion = 12.0.21005.1
MinimumVisualStudioVersion = 10.0.40219.1
Project("{FAE04EC0-301F-11D3-BF4B-00C04F79EFBC}") = "KeypairSorting", "KeypairSorting\KeypairSorting.csproj", "{61095F0B-B943-4B36-9018-E8F317BBB0FB}"
EndProject
Project("{FAE04EC0-301F-11D3-BF4B-00C04F79EFBC}") = "Sorting", "Sorting\Sorting.csproj", "{E5827C97-E3D1-4F30-B493-7BEA79DBD877}"
EndProject
Project("{FAE04EC0-301F-11D3-BF4B-00C04F79EFBC}") = "Sorting.Test", "Sorting.Test\Sorting.Test.csproj", "{8C799F84-3313-4C97-B0F3-953FBBF3A74D}"
EndProject
Project("{FAE04EC0-301F-11D3-BF4B-00C04F79EFBC}") = "MathUtils", "MathUtils\MathUtils.csproj", "{45D0AC20-8ADF-4830-8CE9-37749385834F}"
EndProject
Project("{FAE04EC0-301F-11D3-BF4B-00C04F79EFBC}") = "MathUtils.Tests", "MathUtils.Tests\MathUtils.Tests.csproj", "{B8B57549-8956-4DF0-8124-F4B4564C0DF7}"
EndProject
Project("{FAE04EC0-301F-11D3-BF4B-00C04F79EFBC}") = "SorterEvo", "SorterEvo\SorterEvo.csproj", "{FA79B317-6A42-4DEC-9ED0-95B69D467C77}"
EndProject
Project("{FAE04EC0-301F-11D3-BF4B-00C04F79EFBC}") = "Genomic", "Genomic\Genomic.csproj", "{D2F5B40C-8C15-42D6-8549-2F8695AE91A9}"
EndProject
Project("{FAE04EC0-301F-11D3-BF4B-00C04F79EFBC}") = "Genomic.Test", "Genomic.Test\Genomic.Test.csproj", "{794A111C-C547-4736-916F-8027D6F5B21C}"
EndProject
Project("{FAE04EC0-301F-11D3-BF4B-00C04F79EFBC}") = "SorterEvo.Test", "SorterEvo.Test\SorterEvo.Test.csproj", "{CA0EBBD3-E34D-4AE1-9DC1-3A380B854D66}"
EndProject
Project("{FAE04EC0-301F-11D3-BF4B-00C04F79EFBC}") = "Entities", "Entities\Entities.csproj", "{3481A3C5-8A66-40D6-AF05-F459F63FDB2C}"
EndProject
Project("{FAE04EC0-301F-11D3-BF4B-00C04F79EFBC}") = "Entities.Test", "Entities.Test\Entities.Test.csproj", "{8F2A1AFB-0263-47F7-A581-01CFF1DC21CE}"
EndProject
Project("{FAE04EC0-301F-11D3-BF4B-00C04F79EFBC}") = "Genomic.Json", "Genomic.Json\Genomic.Json.csproj", "{28F70008-25A6-4082-B825-57FBF7831484}"
EndProject
Project("{FAE04EC0-301F-11D3-BF4B-00C04F79EFBC}") = "Genomic.Json.Test", "Genomic.Json.Test\Genomic.Json.Test.csproj", "{D123FAF9-7434-4534-8665-D226CFC77FB8}"
EndProject
Project("{FAE04EC0-301F-11D3-BF4B-00C04F79EFBC}") = "Sorting.Json.Test", "Sorting.Json.Test\Sorting.Json.Test.csproj", "{10569695-5EE1-49B3-AC98-1A26CB85A6E3}"
EndProject
Project("{FAE04EC0-301F-11D3-BF4B-00C04F79EFBC}") = "Sorting.Json", "Sorting.Json\Sorting.Json.csproj", "{55A66926-6F0E-4423-92D2-913E039EF3CF}"
EndProject
Global
	GlobalSection(SolutionConfigurationPlatforms) = preSolution
		Debug|Any CPU = Debug|Any CPU
		Release|Any CPU = Release|Any CPU
	EndGlobalSection
	GlobalSection(ProjectConfigurationPlatforms) = postSolution
		{61095F0B-B943-4B36-9018-E8F317BBB0FB}.Debug|Any CPU.ActiveCfg = Debug|Any CPU
		{61095F0B-B943-4B36-9018-E8F317BBB0FB}.Debug|Any CPU.Build.0 = Debug|Any CPU
		{61095F0B-B943-4B36-9018-E8F317BBB0FB}.Release|Any CPU.ActiveCfg = Release|Any CPU
		{61095F0B-B943-4B36-9018-E8F317BBB0FB}.Release|Any CPU.Build.0 = Release|Any CPU
		{E5827C97-E3D1-4F30-B493-7BEA79DBD877}.Debug|Any CPU.ActiveCfg = Debug|Any CPU
		{E5827C97-E3D1-4F30-B493-7BEA79DBD877}.Debug|Any CPU.Build.0 = Debug|Any CPU
		{E5827C97-E3D1-4F30-B493-7BEA79DBD877}.Release|Any CPU.ActiveCfg = Release|Any CPU
		{E5827C97-E3D1-4F30-B493-7BEA79DBD877}.Release|Any CPU.Build.0 = Release|Any CPU
		{8C799F84-3313-4C97-B0F3-953FBBF3A74D}.Debug|Any CPU.ActiveCfg = Debug|Any CPU
		{8C799F84-3313-4C97-B0F3-953FBBF3A74D}.Debug|Any CPU.Build.0 = Debug|Any CPU
		{8C799F84-3313-4C97-B0F3-953FBBF3A74D}.Release|Any CPU.ActiveCfg = Release|Any CPU
		{8C799F84-3313-4C97-B0F3-953FBBF3A74D}.Release|Any CPU.Build.0 = Release|Any CPU
		{45D0AC20-8ADF-4830-8CE9-37749385834F}.Debug|Any CPU.ActiveCfg = Debug|Any CPU
		{45D0AC20-8ADF-4830-8CE9-37749385834F}.Debug|Any CPU.Build.0 = Debug|Any CPU
		{45D0AC20-8ADF-4830-8CE9-37749385834F}.Release|Any CPU.ActiveCfg = Release|Any CPU
		{45D0AC20-8ADF-4830-8CE9-37749385834F}.Release|Any CPU.Build.0 = Release|Any CPU
		{B8B57549-8956-4DF0-8124-F4B4564C0DF7}.Debug|Any CPU.ActiveCfg = Debug|Any CPU
		{B8B57549-8956-4DF0-8124-F4B4564C0DF7}.Debug|Any CPU.Build.0 = Debug|Any CPU
		{B8B57549-8956-4DF0-8124-F4B4564C0DF7}.Release|Any CPU.ActiveCfg = Release|Any CPU
		{B8B57549-8956-4DF0-8124-F4B4564C0DF7}.Release|Any CPU.Build.0 = Release|Any CPU
		{FA79B317-6A42-4DEC-9ED0-95B69D467C77}.Debug|Any CPU.ActiveCfg = Debug|Any CPU
		{FA79B317-6A42-4DEC-9ED0-95B69D467C77}.Debug|Any CPU.Build.0 = Debug|Any CPU
		{FA79B317-6A42-4DEC-9ED0-95B69D467C77}.Release|Any CPU.ActiveCfg = Release|Any CPU
		{FA79B317-6A42-4DEC-9ED0-95B69D467C77}.Release|Any CPU.Build.0 = Release|Any CPU
		{D2F5B40C-8C15-42D6-8549-2F8695AE91A9}.Debug|Any CPU.ActiveCfg = Debug|Any CPU
		{D2F5B40C-8C15-42D6-8549-2F8695AE91A9}.Debug|Any CPU.Build.0 = Debug|Any CPU
		{D2F5B40C-8C15-42D6-8549-2F8695AE91A9}.Release|Any CPU.ActiveCfg = Release|Any CPU
		{D2F5B40C-8C15-42D6-8549-2F8695AE91A9}.Release|Any CPU.Build.0 = Release|Any CPU
		{794A111C-C547-4736-916F-8027D6F5B21C}.Debug|Any CPU.ActiveCfg = Debug|Any CPU
		{794A111C-C547-4736-916F-8027D6F5B21C}.Debug|Any CPU.Build.0 = Debug|Any CPU
		{794A111C-C547-4736-916F-8027D6F5B21C}.Release|Any CPU.ActiveCfg = Release|Any CPU
		{794A111C-C547-4736-916F-8027D6F5B21C}.Release|Any CPU.Build.0 = Release|Any CPU
		{CA0EBBD3-E34D-4AE1-9DC1-3A380B854D66}.Debug|Any CPU.ActiveCfg = Debug|Any CPU
		{CA0EBBD3-E34D-4AE1-9DC1-3A380B854D66}.Debug|Any CPU.Build.0 = Debug|Any CPU
		{CA0EBBD3-E34D-4AE1-9DC1-3A380B854D66}.Release|Any CPU.ActiveCfg = Release|Any CPU
		{CA0EBBD3-E34D-4AE1-9DC1-3A380B854D66}.Release|Any CPU.Build.0 = Release|Any CPU
		{3481A3C5-8A66-40D6-AF05-F459F63FDB2C}.Debug|Any CPU.ActiveCfg = Debug|Any CPU
		{3481A3C5-8A66-40D6-AF05-F459F63FDB2C}.Debug|Any CPU.Build.0 = Debug|Any CPU
		{3481A3C5-8A66-40D6-AF05-F459F63FDB2C}.Release|Any CPU.ActiveCfg = Release|Any CPU
		{3481A3C5-8A66-40D6-AF05-F459F63FDB2C}.Release|Any CPU.Build.0 = Release|Any CPU
		{8F2A1AFB-0263-47F7-A581-01CFF1DC21CE}.Debug|Any CPU.ActiveCfg = Debug|Any CPU
		{8F2A1AFB-0263-47F7-A581-01CFF1DC21CE}.Debug|Any CPU.Build.0 = Debug|Any CPU
		{8F2A1AFB-0263-47F7-A581-01CFF1DC21CE}.Release|Any CPU.ActiveCfg = Release|Any CPU
		{8F2A1AFB-0263-47F7-A581-01CFF1DC21CE}.Release|Any CPU.Build.0 = Release|Any CPU
		{28F70008-25A6-4082-B825-57FBF7831484}.Debug|Any CPU.ActiveCfg = Debug|Any CPU
		{28F70008-25A6-4082-B825-57FBF7831484}.Debug|Any CPU.Build.0 = Debug|Any CPU
		{28F70008-25A6-4082-B825-57FBF7831484}.Release|Any CPU.ActiveCfg = Release|Any CPU
		{28F70008-25A6-4082-B825-57FBF7831484}.Release|Any CPU.Build.0 = Release|Any CPU
		{D123FAF9-7434-4534-8665-D226CFC77FB8}.Debug|Any CPU.ActiveCfg = Debug|Any CPU
		{D123FAF9-7434-4534-8665-D226CFC77FB8}.Debug|Any CPU.Build.0 = Debug|Any CPU
		{D123FAF9-7434-4534-8665-D226CFC77FB8}.Release|Any CPU.ActiveCfg = Release|Any CPU
		{D123FAF9-7434-4534-8665-D226CFC77FB8}.Release|Any CPU.Build.0 = Release|Any CPU
		{10569695-5EE1-49B3-AC98-1A26CB85A6E3}.Debug|Any CPU.ActiveCfg = Debug|Any CPU
		{10569695-5EE1-49B3-AC98-1A26CB85A6E3}.Debug|Any CPU.Build.0 = Debug|Any CPU
		{10569695-5EE1-49B3-AC98-1A26CB85A6E3}.Release|Any CPU.ActiveCfg = Release|Any CPU
		{10569695-5EE1-49B3-AC98-1A26CB85A6E3}.Release|Any CPU.Build.0 = Release|Any CPU
		{55A66926-6F0E-4423-92D2-913E039EF3CF}.Debug|Any CPU.ActiveCfg = Debug|Any CPU
		{55A66926-6F0E-4423-92D2-913E039EF3CF}.Debug|Any CPU.Build.0 = Debug|Any CPU
		{55A66926-6F0E-4423-92D2-913E039EF3CF}.Release|Any CPU.ActiveCfg = Release|Any CPU
		{55A66926-6F0E-4423-92D2-913E039EF3CF}.Release|Any CPU.Build.0 = Release|Any CPU
	EndGlobalSection
	GlobalSection(SolutionProperties) = preSolution
		HideSolutionNode = FALSE
	EndGlobalSection
EndGlobal
